// !$*UTF8*$!
{
	archiveVersion = 1;
	classes = {
	};
	objectVersion = 48;
	objects = {

/* Begin PBXBuildFile section */
		AB2B40046B211833050E1A03 /* Pods_Chatter.framework in Frameworks */ = {isa = PBXBuildFile; fileRef = BA0F1E00E9EC8E28AA8F6BA6 /* Pods_Chatter.framework */; };
		B611C6191F940AA7008C4166 /* ModalProfile.xib in Resources */ = {isa = PBXBuildFile; fileRef = B611C6181F940AA7008C4166 /* ModalProfile.xib */; };
		B611C61B1F940ACA008C4166 /* ModalProfile.swift in Sources */ = {isa = PBXBuildFile; fileRef = B611C61A1F940ACA008C4166 /* ModalProfile.swift */; };
		B6192AC31F991ABD008DC8D3 /* ModalAddChannel.xib in Resources */ = {isa = PBXBuildFile; fileRef = B6192AC21F991ABD008DC8D3 /* ModalAddChannel.xib */; };
		B6192AC51F991AFF008DC8D3 /* ModalAddChannel.swift in Sources */ = {isa = PBXBuildFile; fileRef = B6192AC41F991AFF008DC8D3 /* ModalAddChannel.swift */; };
		B61CB63C1F9273A500F76D6B /* ModalCreateAccount.xib in Resources */ = {isa = PBXBuildFile; fileRef = B61CB63B1F9273A500F76D6B /* ModalCreateAccount.xib */; };
		B61CB63E1F9273C700F76D6B /* ModalCreateAccount.swift in Sources */ = {isa = PBXBuildFile; fileRef = B61CB63D1F9273C700F76D6B /* ModalCreateAccount.swift */; };
		B6202AB11F97CA56007B6101 /* SocketService.swift in Sources */ = {isa = PBXBuildFile; fileRef = B6202AB01F97CA56007B6101 /* SocketService.swift */; };
		B6258EE11F9C169800D52416 /* Channel.swift in Sources */ = {isa = PBXBuildFile; fileRef = B6258EE01F9C169800D52416 /* Channel.swift */; };
		B6258EE31F9C16F000D52416 /* MessageService.swift in Sources */ = {isa = PBXBuildFile; fileRef = B6258EE21F9C16F000D52416 /* MessageService.swift */; };
		B6258EE51F9C2C0100D52416 /* ChannelCell.swift in Sources */ = {isa = PBXBuildFile; fileRef = B6258EE41F9C2C0100D52416 /* ChannelCell.swift */; };
		B65541EC1F9BE571002D27B3 /* AvatarPickerVC.swift in Sources */ = {isa = PBXBuildFile; fileRef = B65541EA1F9BE571002D27B3 /* AvatarPickerVC.swift */; };
		B65541ED1F9BE571002D27B3 /* AvatarPickerVC.xib in Resources */ = {isa = PBXBuildFile; fileRef = B65541EB1F9BE571002D27B3 /* AvatarPickerVC.xib */; };
		B65541F01F9BE8D9002D27B3 /* AnimalCell.swift in Sources */ = {isa = PBXBuildFile; fileRef = B65541EE1F9BE8D9002D27B3 /* AnimalCell.swift */; };
		B65541F11F9BE8D9002D27B3 /* AnimalCell.xib in Resources */ = {isa = PBXBuildFile; fileRef = B65541EF1F9BE8D9002D27B3 /* AnimalCell.xib */; };
		B6582C301F917BD000FF2D80 /* NSButton.swift in Sources */ = {isa = PBXBuildFile; fileRef = B6582C2F1F917BD000FF2D80 /* NSButton.swift */; };
		B6582C321F9186B000FF2D80 /* ClickBlockingView.swift in Sources */ = {isa = PBXBuildFile; fileRef = B6582C311F9186B000FF2D80 /* ClickBlockingView.swift */; };
		B6582C351F91908F00FF2D80 /* ModalLogin.xib in Resources */ = {isa = PBXBuildFile; fileRef = B6582C341F91908F00FF2D80 /* ModalLogin.xib */; };
		B6582C371F9190C300FF2D80 /* ModalLogin.swift in Sources */ = {isa = PBXBuildFile; fileRef = B6582C361F9190C300FF2D80 /* ModalLogin.swift */; };
		B6718A3E1F90539D00AD3793 /* AppDelegate.swift in Sources */ = {isa = PBXBuildFile; fileRef = B6718A3D1F90539D00AD3793 /* AppDelegate.swift */; };
		B6718A421F90539D00AD3793 /* Assets.xcassets in Resources */ = {isa = PBXBuildFile; fileRef = B6718A411F90539D00AD3793 /* Assets.xcassets */; };
		B6718A451F90539D00AD3793 /* Main.storyboard in Resources */ = {isa = PBXBuildFile; fileRef = B6718A431F90539D00AD3793 /* Main.storyboard */; };
		B6718A511F90553100AD3793 /* ToolbarVC.swift in Sources */ = {isa = PBXBuildFile; fileRef = B6718A501F90553100AD3793 /* ToolbarVC.swift */; };
		B6718A531F90555100AD3793 /* ChannelVC.swift in Sources */ = {isa = PBXBuildFile; fileRef = B6718A521F90555100AD3793 /* ChannelVC.swift */; };
		B6718A551F90556400AD3793 /* ChatVC.swift in Sources */ = {isa = PBXBuildFile; fileRef = B6718A541F90556400AD3793 /* ChatVC.swift */; };
		B6718A571F90565B00AD3793 /* MainWindowController.swift in Sources */ = {isa = PBXBuildFile; fileRef = B6718A561F90565B00AD3793 /* MainWindowController.swift */; };
		B6718A5A1F90571A00AD3793 /* Constants.swift in Sources */ = {isa = PBXBuildFile; fileRef = B6718A591F90571A00AD3793 /* Constants.swift */; };
		B679AD8C1F92D0250068F5EF /* AuthService.swift in Sources */ = {isa = PBXBuildFile; fileRef = B679AD8B1F92D0250068F5EF /* AuthService.swift */; };
		B679AD8E1F92DB280068F5EF /* UserDataService.swift in Sources */ = {isa = PBXBuildFile; fileRef = B679AD8D1F92DB280068F5EF /* UserDataService.swift */; };
		B6BBC4EE1F9D017300BD7143 /* Message.swift in Sources */ = {isa = PBXBuildFile; fileRef = B6BBC4ED1F9D017300BD7143 /* Message.swift */; };
/* End PBXBuildFile section */

/* Begin PBXFileReference section */
		4ADE91EC458ACFE56623F474 /* Pods-Chatter.debug.xcconfig */ = {isa = PBXFileReference; includeInIndex = 1; lastKnownFileType = text.xcconfig; name = "Pods-Chatter.debug.xcconfig"; path = "Pods/Target Support Files/Pods-Chatter/Pods-Chatter.debug.xcconfig"; sourceTree = "<group>"; };
		866681875AABB6106BBC8FDB /* Pods-Chatter.release.xcconfig */ = {isa = PBXFileReference; includeInIndex = 1; lastKnownFileType = text.xcconfig; name = "Pods-Chatter.release.xcconfig"; path = "Pods/Target Support Files/Pods-Chatter/Pods-Chatter.release.xcconfig"; sourceTree = "<group>"; };
		B611C6181F940AA7008C4166 /* ModalProfile.xib */ = {isa = PBXFileReference; lastKnownFileType = file.xib; path = ModalProfile.xib; sourceTree = "<group>"; };
		B611C61A1F940ACA008C4166 /* ModalProfile.swift */ = {isa = PBXFileReference; lastKnownFileType = sourcecode.swift; path = ModalProfile.swift; sourceTree = "<group>"; };
		B6192AC21F991ABD008DC8D3 /* ModalAddChannel.xib */ = {isa = PBXFileReference; lastKnownFileType = file.xib; path = ModalAddChannel.xib; sourceTree = "<group>"; };
		B6192AC41F991AFF008DC8D3 /* ModalAddChannel.swift */ = {isa = PBXFileReference; lastKnownFileType = sourcecode.swift; path = ModalAddChannel.swift; sourceTree = "<group>"; };
		B61CB63B1F9273A500F76D6B /* ModalCreateAccount.xib */ = {isa = PBXFileReference; lastKnownFileType = file.xib; path = ModalCreateAccount.xib; sourceTree = "<group>"; };
		B61CB63D1F9273C700F76D6B /* ModalCreateAccount.swift */ = {isa = PBXFileReference; lastKnownFileType = sourcecode.swift; path = ModalCreateAccount.swift; sourceTree = "<group>"; };
		B6202AB01F97CA56007B6101 /* SocketService.swift */ = {isa = PBXFileReference; lastKnownFileType = sourcecode.swift; path = SocketService.swift; sourceTree = "<group>"; };
		B6258EE01F9C169800D52416 /* Channel.swift */ = {isa = PBXFileReference; lastKnownFileType = sourcecode.swift; path = Channel.swift; sourceTree = "<group>"; };
		B6258EE21F9C16F000D52416 /* MessageService.swift */ = {isa = PBXFileReference; lastKnownFileType = sourcecode.swift; path = MessageService.swift; sourceTree = "<group>"; };
		B6258EE41F9C2C0100D52416 /* ChannelCell.swift */ = {isa = PBXFileReference; lastKnownFileType = sourcecode.swift; path = ChannelCell.swift; sourceTree = "<group>"; };
		B65541EA1F9BE571002D27B3 /* AvatarPickerVC.swift */ = {isa = PBXFileReference; lastKnownFileType = sourcecode.swift; path = AvatarPickerVC.swift; sourceTree = "<group>"; };
		B65541EB1F9BE571002D27B3 /* AvatarPickerVC.xib */ = {isa = PBXFileReference; lastKnownFileType = file.xib; path = AvatarPickerVC.xib; sourceTree = "<group>"; };
		B65541EE1F9BE8D9002D27B3 /* AnimalCell.swift */ = {isa = PBXFileReference; lastKnownFileType = sourcecode.swift; path = AnimalCell.swift; sourceTree = "<group>"; };
		B65541EF1F9BE8D9002D27B3 /* AnimalCell.xib */ = {isa = PBXFileReference; lastKnownFileType = file.xib; path = AnimalCell.xib; sourceTree = "<group>"; };
		B6582C2F1F917BD000FF2D80 /* NSButton.swift */ = {isa = PBXFileReference; lastKnownFileType = sourcecode.swift; path = NSButton.swift; sourceTree = "<group>"; };
		B6582C311F9186B000FF2D80 /* ClickBlockingView.swift */ = {isa = PBXFileReference; lastKnownFileType = sourcecode.swift; path = ClickBlockingView.swift; sourceTree = "<group>"; };
		B6582C341F91908F00FF2D80 /* ModalLogin.xib */ = {isa = PBXFileReference; lastKnownFileType = file.xib; path = ModalLogin.xib; sourceTree = "<group>"; };
		B6582C361F9190C300FF2D80 /* ModalLogin.swift */ = {isa = PBXFileReference; lastKnownFileType = sourcecode.swift; path = ModalLogin.swift; sourceTree = "<group>"; };
		B6718A3A1F90539D00AD3793 /* Chatter.app */ = {isa = PBXFileReference; explicitFileType = wrapper.application; includeInIndex = 0; path = Chatter.app; sourceTree = BUILT_PRODUCTS_DIR; };
		B6718A3D1F90539D00AD3793 /* AppDelegate.swift */ = {isa = PBXFileReference; lastKnownFileType = sourcecode.swift; path = AppDelegate.swift; sourceTree = "<group>"; };
		B6718A411F90539D00AD3793 /* Assets.xcassets */ = {isa = PBXFileReference; lastKnownFileType = folder.assetcatalog; path = Assets.xcassets; sourceTree = "<group>"; };
		B6718A441F90539D00AD3793 /* Base */ = {isa = PBXFileReference; lastKnownFileType = file.storyboard; name = Base; path = Base.lproj/Main.storyboard; sourceTree = "<group>"; };
		B6718A461F90539D00AD3793 /* Info.plist */ = {isa = PBXFileReference; lastKnownFileType = text.plist.xml; path = Info.plist; sourceTree = "<group>"; };
		B6718A471F90539D00AD3793 /* Chatter.entitlements */ = {isa = PBXFileReference; lastKnownFileType = text.plist.entitlements; path = Chatter.entitlements; sourceTree = "<group>"; };
		B6718A501F90553100AD3793 /* ToolbarVC.swift */ = {isa = PBXFileReference; lastKnownFileType = sourcecode.swift; path = ToolbarVC.swift; sourceTree = "<group>"; };
		B6718A521F90555100AD3793 /* ChannelVC.swift */ = {isa = PBXFileReference; lastKnownFileType = sourcecode.swift; path = ChannelVC.swift; sourceTree = "<group>"; };
		B6718A541F90556400AD3793 /* ChatVC.swift */ = {isa = PBXFileReference; lastKnownFileType = sourcecode.swift; path = ChatVC.swift; sourceTree = "<group>"; };
		B6718A561F90565B00AD3793 /* MainWindowController.swift */ = {isa = PBXFileReference; lastKnownFileType = sourcecode.swift; path = MainWindowController.swift; sourceTree = "<group>"; };
		B6718A591F90571A00AD3793 /* Constants.swift */ = {isa = PBXFileReference; lastKnownFileType = sourcecode.swift; path = Constants.swift; sourceTree = "<group>"; };
		B679AD8B1F92D0250068F5EF /* AuthService.swift */ = {isa = PBXFileReference; lastKnownFileType = sourcecode.swift; path = AuthService.swift; sourceTree = "<group>"; };
		B679AD8D1F92DB280068F5EF /* UserDataService.swift */ = {isa = PBXFileReference; lastKnownFileType = sourcecode.swift; path = UserDataService.swift; sourceTree = "<group>"; };
		B6BBC4ED1F9D017300BD7143 /* Message.swift */ = {isa = PBXFileReference; lastKnownFileType = sourcecode.swift; path = Message.swift; sourceTree = "<group>"; };
		BA0F1E00E9EC8E28AA8F6BA6 /* Pods_Chatter.framework */ = {isa = PBXFileReference; explicitFileType = wrapper.framework; includeInIndex = 0; path = Pods_Chatter.framework; sourceTree = BUILT_PRODUCTS_DIR; };
/* End PBXFileReference section */

/* Begin PBXFrameworksBuildPhase section */
		B6718A371F90539D00AD3793 /* Frameworks */ = {
			isa = PBXFrameworksBuildPhase;
			buildActionMask = 2147483647;
			files = (
				AB2B40046B211833050E1A03 /* Pods_Chatter.framework in Frameworks */,
			);
			runOnlyForDeploymentPostprocessing = 0;
		};
/* End PBXFrameworksBuildPhase section */

/* Begin PBXGroup section */
		1213A9F04A77560BBF207BAA /* Pods */ = {
			isa = PBXGroup;
			children = (
				4ADE91EC458ACFE56623F474 /* Pods-Chatter.debug.xcconfig */,
				866681875AABB6106BBC8FDB /* Pods-Chatter.release.xcconfig */,
			);
			name = Pods;
			sourceTree = "<group>";
		};
		6B63B3F5AD5FFD3E5723E4D4 /* Frameworks */ = {
			isa = PBXGroup;
			children = (
				BA0F1E00E9EC8E28AA8F6BA6 /* Pods_Chatter.framework */,
			);
			name = Frameworks;
			sourceTree = "<group>";
		};
		B65541E91F9BE54F002D27B3 /* Popover */ = {
			isa = PBXGroup;
			children = (
				B65541EA1F9BE571002D27B3 /* AvatarPickerVC.swift */,
				B65541EB1F9BE571002D27B3 /* AvatarPickerVC.xib */,
			);
			path = Popover;
			sourceTree = "<group>";
		};
		B6582C331F91907500FF2D80 /* XIBs */ = {
			isa = PBXGroup;
			children = (
				B6582C341F91908F00FF2D80 /* ModalLogin.xib */,
				B61CB63B1F9273A500F76D6B /* ModalCreateAccount.xib */,
				B611C6181F940AA7008C4166 /* ModalProfile.xib */,
				B6192AC21F991ABD008DC8D3 /* ModalAddChannel.xib */,
				B65541EF1F9BE8D9002D27B3 /* AnimalCell.xib */,
			);
			path = XIBs;
			sourceTree = "<group>";
		};
		B6718A311F90539D00AD3793 = {
			isa = PBXGroup;
			children = (
				B6718A3C1F90539D00AD3793 /* Chatter */,
				B6718A3B1F90539D00AD3793 /* Products */,
				1213A9F04A77560BBF207BAA /* Pods */,
				6B63B3F5AD5FFD3E5723E4D4 /* Frameworks */,
			);
			sourceTree = "<group>";
		};
		B6718A3B1F90539D00AD3793 /* Products */ = {
			isa = PBXGroup;
			children = (
				B6718A3A1F90539D00AD3793 /* Chatter.app */,
			);
			name = Products;
			sourceTree = "<group>";
		};
		B6718A3C1F90539D00AD3793 /* Chatter */ = {
			isa = PBXGroup;
			children = (
				B6718A4F1F90550400AD3793 /* Model */,
				B6718A4E1F90550000AD3793 /* View */,
				B6718A4D1F9054FB00AD3793 /* Controller */,
				B679AD8A1F92D00B0068F5EF /* Services */,
				B6718A581F90570B00AD3793 /* Utilities */,
				B6582C331F91907500FF2D80 /* XIBs */,
				B6718A3D1F90539D00AD3793 /* AppDelegate.swift */,
				B6718A411F90539D00AD3793 /* Assets.xcassets */,
				B6718A431F90539D00AD3793 /* Main.storyboard */,
				B6718A461F90539D00AD3793 /* Info.plist */,
				B6718A471F90539D00AD3793 /* Chatter.entitlements */,
			);
			path = Chatter;
			sourceTree = "<group>";
		};
		B6718A4D1F9054FB00AD3793 /* Controller */ = {
			isa = PBXGroup;
			children = (
				B6718A501F90553100AD3793 /* ToolbarVC.swift */,
				B6718A521F90555100AD3793 /* ChannelVC.swift */,
				B6718A541F90556400AD3793 /* ChatVC.swift */,
				B6718A561F90565B00AD3793 /* MainWindowController.swift */,
			);
			path = Controller;
			sourceTree = "<group>";
		};
		B6718A4E1F90550000AD3793 /* View */ = {
			isa = PBXGroup;
			children = (
				B65541E91F9BE54F002D27B3 /* Popover */,
				B6582C311F9186B000FF2D80 /* ClickBlockingView.swift */,
				B6582C361F9190C300FF2D80 /* ModalLogin.swift */,
				B61CB63D1F9273C700F76D6B /* ModalCreateAccount.swift */,
				B611C61A1F940ACA008C4166 /* ModalProfile.swift */,
				B6192AC41F991AFF008DC8D3 /* ModalAddChannel.swift */,
				B65541EE1F9BE8D9002D27B3 /* AnimalCell.swift */,
				B6258EE41F9C2C0100D52416 /* ChannelCell.swift */,
			);
			path = View;
			sourceTree = "<group>";
		};
		B6718A4F1F90550400AD3793 /* Model */ = {
			isa = PBXGroup;
			children = (
				B6258EE01F9C169800D52416 /* Channel.swift */,
				B6BBC4ED1F9D017300BD7143 /* Message.swift */,
			);
			path = Model;
			sourceTree = "<group>";
		};
		B6718A581F90570B00AD3793 /* Utilities */ = {
			isa = PBXGroup;
			children = (
				B6718A591F90571A00AD3793 /* Constants.swift */,
				B6582C2F1F917BD000FF2D80 /* NSButton.swift */,
			);
			path = Utilities;
			sourceTree = "<group>";
		};
		B679AD8A1F92D00B0068F5EF /* Services */ = {
			isa = PBXGroup;
			children = (
				B679AD8B1F92D0250068F5EF /* AuthService.swift */,
				B679AD8D1F92DB280068F5EF /* UserDataService.swift */,
				B6202AB01F97CA56007B6101 /* SocketService.swift */,
				B6258EE21F9C16F000D52416 /* MessageService.swift */,
			);
			path = Services;
			sourceTree = "<group>";
		};
/* End PBXGroup section */

/* Begin PBXNativeTarget section */
		B6718A391F90539D00AD3793 /* Chatter */ = {
			isa = PBXNativeTarget;
			buildConfigurationList = B6718A4A1F90539D00AD3793 /* Build configuration list for PBXNativeTarget "Chatter" */;
			buildPhases = (
				ACD187C04B463B220AC105D4 /* [CP] Check Pods Manifest.lock */,
				B6718A361F90539D00AD3793 /* Sources */,
				B6718A371F90539D00AD3793 /* Frameworks */,
				B6718A381F90539D00AD3793 /* Resources */,
				B0B5B9B9D99251D9C593FF82 /* [CP] Embed Pods Frameworks */,
				AA907A6023777824C62B0F4A /* [CP] Copy Pods Resources */,
			);
			buildRules = (
			);
			dependencies = (
			);
			name = Chatter;
			productName = Chatter;
			productReference = B6718A3A1F90539D00AD3793 /* Chatter.app */;
			productType = "com.apple.product-type.application";
		};
/* End PBXNativeTarget section */

/* Begin PBXProject section */
		B6718A321F90539D00AD3793 /* Project object */ = {
			isa = PBXProject;
			attributes = {
				LastSwiftUpdateCheck = 0900;
				LastUpgradeCheck = 0900;
				TargetAttributes = {
					B6718A391F90539D00AD3793 = {
						CreatedOnToolsVersion = 9.0;
						ProvisioningStyle = Automatic;
					};
				};
			};
			buildConfigurationList = B6718A351F90539D00AD3793 /* Build configuration list for PBXProject "Chatter" */;
			compatibilityVersion = "Xcode 8.0";
			developmentRegion = en;
			hasScannedForEncodings = 0;
			knownRegions = (
				en,
				Base,
			);
			mainGroup = B6718A311F90539D00AD3793;
			productRefGroup = B6718A3B1F90539D00AD3793 /* Products */;
			projectDirPath = "";
			projectRoot = "";
			targets = (
				B6718A391F90539D00AD3793 /* Chatter */,
			);
		};
/* End PBXProject section */

/* Begin PBXResourcesBuildPhase section */
		B6718A381F90539D00AD3793 /* Resources */ = {
			isa = PBXResourcesBuildPhase;
			buildActionMask = 2147483647;
			files = (
				B6718A421F90539D00AD3793 /* Assets.xcassets in Resources */,
				B65541F11F9BE8D9002D27B3 /* AnimalCell.xib in Resources */,
				B6192AC31F991ABD008DC8D3 /* ModalAddChannel.xib in Resources */,
				B65541ED1F9BE571002D27B3 /* AvatarPickerVC.xib in Resources */,
				B61CB63C1F9273A500F76D6B /* ModalCreateAccount.xib in Resources */,
				B6582C351F91908F00FF2D80 /* ModalLogin.xib in Resources */,
				B611C6191F940AA7008C4166 /* ModalProfile.xib in Resources */,
				B6718A451F90539D00AD3793 /* Main.storyboard in Resources */,
			);
			runOnlyForDeploymentPostprocessing = 0;
		};
/* End PBXResourcesBuildPhase section */

/* Begin PBXShellScriptBuildPhase section */
		AA907A6023777824C62B0F4A /* [CP] Copy Pods Resources */ = {
			isa = PBXShellScriptBuildPhase;
			buildActionMask = 2147483647;
			files = (
			);
			inputPaths = (
			);
			name = "[CP] Copy Pods Resources";
			outputPaths = (
			);
			runOnlyForDeploymentPostprocessing = 0;
			shellPath = /bin/sh;
			shellScript = "\"${SRCROOT}/Pods/Target Support Files/Pods-Chatter/Pods-Chatter-resources.sh\"\n";
			showEnvVarsInLog = 0;
		};
		ACD187C04B463B220AC105D4 /* [CP] Check Pods Manifest.lock */ = {
			isa = PBXShellScriptBuildPhase;
			buildActionMask = 2147483647;
			files = (
			);
			inputPaths = (
			);
			name = "[CP] Check Pods Manifest.lock";
			outputPaths = (
			);
			runOnlyForDeploymentPostprocessing = 0;
			shellPath = /bin/sh;
			shellScript = "diff \"${PODS_ROOT}/../Podfile.lock\" \"${PODS_ROOT}/Manifest.lock\" > /dev/null\nif [ $? != 0 ] ; then\n    # print error to STDERR\n    echo \"error: The sandbox is not in sync with the Podfile.lock. Run 'pod install' or update your CocoaPods installation.\" >&2\n    exit 1\nfi\n";
			showEnvVarsInLog = 0;
		};
		B0B5B9B9D99251D9C593FF82 /* [CP] Embed Pods Frameworks */ = {
			isa = PBXShellScriptBuildPhase;
			buildActionMask = 2147483647;
			files = (
			);
			inputPaths = (
			);
			name = "[CP] Embed Pods Frameworks";
			outputPaths = (
			);
			runOnlyForDeploymentPostprocessing = 0;
			shellPath = /bin/sh;
			shellScript = "\"${SRCROOT}/Pods/Target Support Files/Pods-Chatter/Pods-Chatter-frameworks.sh\"\n";
			showEnvVarsInLog = 0;
		};
/* End PBXShellScriptBuildPhase section */

/* Begin PBXSourcesBuildPhase section */
		B6718A361F90539D00AD3793 /* Sources */ = {
			isa = PBXSourcesBuildPhase;
			buildActionMask = 2147483647;
			files = (
				B6202AB11F97CA56007B6101 /* SocketService.swift in Sources */,
				B6718A551F90556400AD3793 /* ChatVC.swift in Sources */,
				B6258EE31F9C16F000D52416 /* MessageService.swift in Sources */,
				B61CB63E1F9273C700F76D6B /* ModalCreateAccount.swift in Sources */,
				B6192AC51F991AFF008DC8D3 /* ModalAddChannel.swift in Sources */,
				B6582C371F9190C300FF2D80 /* ModalLogin.swift in Sources */,
				B6BBC4EE1F9D017300BD7143 /* Message.swift in Sources */,
				B65541EC1F9BE571002D27B3 /* AvatarPickerVC.swift in Sources */,
				B6718A511F90553100AD3793 /* ToolbarVC.swift in Sources */,
				B6258EE11F9C169800D52416 /* Channel.swift in Sources */,
				B6258EE51F9C2C0100D52416 /* ChannelCell.swift in Sources */,
				B6718A531F90555100AD3793 /* ChannelVC.swift in Sources */,
				B679AD8C1F92D0250068F5EF /* AuthService.swift in Sources */,
				B679AD8E1F92DB280068F5EF /* UserDataService.swift in Sources */,
				B6718A3E1F90539D00AD3793 /* AppDelegate.swift in Sources */,
				B6582C321F9186B000FF2D80 /* ClickBlockingView.swift in Sources */,
				B611C61B1F940ACA008C4166 /* ModalProfile.swift in Sources */,
				B6718A571F90565B00AD3793 /* MainWindowController.swift in Sources */,
				B6718A5A1F90571A00AD3793 /* Constants.swift in Sources */,
				B6582C301F917BD000FF2D80 /* NSButton.swift in Sources */,
				B65541F01F9BE8D9002D27B3 /* AnimalCell.swift in Sources */,
			);
			runOnlyForDeploymentPostprocessing = 0;
		};
/* End PBXSourcesBuildPhase section */

/* Begin PBXVariantGroup section */
		B6718A431F90539D00AD3793 /* Main.storyboard */ = {
			isa = PBXVariantGroup;
			children = (
				B6718A441F90539D00AD3793 /* Base */,
			);
			name = Main.storyboard;
			sourceTree = "<group>";
		};
/* End PBXVariantGroup section */

/* Begin XCBuildConfiguration section */
		B6718A481F90539D00AD3793 /* Debug */ = {
			isa = XCBuildConfiguration;
			buildSettings = {
				ALWAYS_SEARCH_USER_PATHS = NO;
				CLANG_ANALYZER_NONNULL = YES;
				CLANG_ANALYZER_NUMBER_OBJECT_CONVERSION = YES_AGGRESSIVE;
				CLANG_CXX_LANGUAGE_STANDARD = "gnu++14";
				CLANG_CXX_LIBRARY = "libc++";
				CLANG_ENABLE_MODULES = YES;
				CLANG_ENABLE_OBJC_ARC = YES;
				CLANG_WARN_BLOCK_CAPTURE_AUTORELEASING = YES;
				CLANG_WARN_BOOL_CONVERSION = YES;
				CLANG_WARN_COMMA = YES;
				CLANG_WARN_CONSTANT_CONVERSION = YES;
				CLANG_WARN_DIRECT_OBJC_ISA_USAGE = YES_ERROR;
				CLANG_WARN_DOCUMENTATION_COMMENTS = YES;
				CLANG_WARN_EMPTY_BODY = YES;
				CLANG_WARN_ENUM_CONVERSION = YES;
				CLANG_WARN_INFINITE_RECURSION = YES;
				CLANG_WARN_INT_CONVERSION = YES;
				CLANG_WARN_NON_LITERAL_NULL_CONVERSION = YES;
				CLANG_WARN_OBJC_LITERAL_CONVERSION = YES;
				CLANG_WARN_OBJC_ROOT_CLASS = YES_ERROR;
				CLANG_WARN_RANGE_LOOP_ANALYSIS = YES;
				CLANG_WARN_STRICT_PROTOTYPES = YES;
				CLANG_WARN_SUSPICIOUS_MOVE = YES;
				CLANG_WARN_UNGUARDED_AVAILABILITY = YES_AGGRESSIVE;
				CLANG_WARN_UNREACHABLE_CODE = YES;
				CLANG_WARN__DUPLICATE_METHOD_MATCH = YES;
				CODE_SIGN_IDENTITY = "-";
				COPY_PHASE_STRIP = NO;
				DEBUG_INFORMATION_FORMAT = dwarf;
				ENABLE_STRICT_OBJC_MSGSEND = YES;
				ENABLE_TESTABILITY = YES;
				GCC_C_LANGUAGE_STANDARD = gnu11;
				GCC_DYNAMIC_NO_PIC = NO;
				GCC_NO_COMMON_BLOCKS = YES;
				GCC_OPTIMIZATION_LEVEL = 0;
				GCC_PREPROCESSOR_DEFINITIONS = (
					"DEBUG=1",
					"$(inherited)",
				);
				GCC_WARN_64_TO_32_BIT_CONVERSION = YES;
				GCC_WARN_ABOUT_RETURN_TYPE = YES_ERROR;
				GCC_WARN_UNDECLARED_SELECTOR = YES;
				GCC_WARN_UNINITIALIZED_AUTOS = YES_AGGRESSIVE;
				GCC_WARN_UNUSED_FUNCTION = YES;
				GCC_WARN_UNUSED_VARIABLE = YES;
				MACOSX_DEPLOYMENT_TARGET = 10.12;
				MTL_ENABLE_DEBUG_INFO = YES;
				ONLY_ACTIVE_ARCH = YES;
				SDKROOT = macosx;
				SWIFT_ACTIVE_COMPILATION_CONDITIONS = DEBUG;
				SWIFT_OPTIMIZATION_LEVEL = "-Onone";
			};
			name = Debug;
		};
		B6718A491F90539D00AD3793 /* Release */ = {
			isa = XCBuildConfiguration;
			buildSettings = {
				ALWAYS_SEARCH_USER_PATHS = NO;
				CLANG_ANALYZER_NONNULL = YES;
				CLANG_ANALYZER_NUMBER_OBJECT_CONVERSION = YES_AGGRESSIVE;
				CLANG_CXX_LANGUAGE_STANDARD = "gnu++14";
				CLANG_CXX_LIBRARY = "libc++";
				CLANG_ENABLE_MODULES = YES;
				CLANG_ENABLE_OBJC_ARC = YES;
				CLANG_WARN_BLOCK_CAPTURE_AUTORELEASING = YES;
				CLANG_WARN_BOOL_CONVERSION = YES;
				CLANG_WARN_COMMA = YES;
				CLANG_WARN_CONSTANT_CONVERSION = YES;
				CLANG_WARN_DIRECT_OBJC_ISA_USAGE = YES_ERROR;
				CLANG_WARN_DOCUMENTATION_COMMENTS = YES;
				CLANG_WARN_EMPTY_BODY = YES;
				CLANG_WARN_ENUM_CONVERSION = YES;
				CLANG_WARN_INFINITE_RECURSION = YES;
				CLANG_WARN_INT_CONVERSION = YES;
				CLANG_WARN_NON_LITERAL_NULL_CONVERSION = YES;
				CLANG_WARN_OBJC_LITERAL_CONVERSION = YES;
				CLANG_WARN_OBJC_ROOT_CLASS = YES_ERROR;
				CLANG_WARN_RANGE_LOOP_ANALYSIS = YES;
				CLANG_WARN_STRICT_PROTOTYPES = YES;
				CLANG_WARN_SUSPICIOUS_MOVE = YES;
				CLANG_WARN_UNGUARDED_AVAILABILITY = YES_AGGRESSIVE;
				CLANG_WARN_UNREACHABLE_CODE = YES;
				CLANG_WARN__DUPLICATE_METHOD_MATCH = YES;
				CODE_SIGN_IDENTITY = "-";
				COPY_PHASE_STRIP = NO;
				DEBUG_INFORMATION_FORMAT = "dwarf-with-dsym";
				ENABLE_NS_ASSERTIONS = NO;
				ENABLE_STRICT_OBJC_MSGSEND = YES;
				GCC_C_LANGUAGE_STANDARD = gnu11;
				GCC_NO_COMMON_BLOCKS = YES;
				GCC_WARN_64_TO_32_BIT_CONVERSION = YES;
				GCC_WARN_ABOUT_RETURN_TYPE = YES_ERROR;
				GCC_WARN_UNDECLARED_SELECTOR = YES;
				GCC_WARN_UNINITIALIZED_AUTOS = YES_AGGRESSIVE;
				GCC_WARN_UNUSED_FUNCTION = YES;
				GCC_WARN_UNUSED_VARIABLE = YES;
				MACOSX_DEPLOYMENT_TARGET = 10.12;
				MTL_ENABLE_DEBUG_INFO = NO;
				SDKROOT = macosx;
				SWIFT_OPTIMIZATION_LEVEL = "-Owholemodule";
			};
			name = Release;
		};
		B6718A4B1F90539D00AD3793 /* Debug */ = {
			isa = XCBuildConfiguration;
			baseConfigurationReference = 4ADE91EC458ACFE56623F474 /* Pods-Chatter.debug.xcconfig */;
			buildSettings = {
				ASSETCATALOG_COMPILER_APPICON_NAME = AppIcon;
				CODE_SIGN_ENTITLEMENTS = Chatter/Chatter.entitlements;
				CODE_SIGN_STYLE = Automatic;
				COMBINE_HIDPI_IMAGES = YES;
				INFOPLIST_FILE = Chatter/Info.plist;
				LD_RUNPATH_SEARCH_PATHS = "$(inherited) @executable_path/../Frameworks";
				PRODUCT_BUNDLE_IDENTIFIER = com.kentapps.Chatter;
				PRODUCT_NAME = "$(TARGET_NAME)";
				SWIFT_VERSION = 4.0;
			};
			name = Debug;
		};
		B6718A4C1F90539D00AD3793 /* Release */ = {
			isa = XCBuildConfiguration;
			baseConfigurationReference = 866681875AABB6106BBC8FDB /* Pods-Chatter.release.xcconfig */;
			buildSettings = {
				ASSETCATALOG_COMPILER_APPICON_NAME = AppIcon;
				CODE_SIGN_ENTITLEMENTS = Chatter/Chatter.entitlements;
				CODE_SIGN_STYLE = Automatic;
				COMBINE_HIDPI_IMAGES = YES;
				INFOPLIST_FILE = Chatter/Info.plist;
				LD_RUNPATH_SEARCH_PATHS = "$(inherited) @executable_path/../Frameworks";
				PRODUCT_BUNDLE_IDENTIFIER = com.kentapps.Chatter;
				PRODUCT_NAME = "$(TARGET_NAME)";
				SWIFT_VERSION = 4.0;
			};
			name = Release;
		};
/* End XCBuildConfiguration section */

/* Begin XCConfigurationList section */
		B6718A351F90539D00AD3793 /* Build configuration list for PBXProject "Chatter" */ = {
			isa = XCConfigurationList;
			buildConfigurations = (
				B6718A481F90539D00AD3793 /* Debug */,
				B6718A491F90539D00AD3793 /* Release */,
			);
			defaultConfigurationIsVisible = 0;
			defaultConfigurationName = Release;
		};
		B6718A4A1F90539D00AD3793 /* Build configuration list for PBXNativeTarget "Chatter" */ = {
			isa = XCConfigurationList;
			buildConfigurations = (
				B6718A4B1F90539D00AD3793 /* Debug */,
				B6718A4C1F90539D00AD3793 /* Release */,
			);
			defaultConfigurationIsVisible = 0;
			defaultConfigurationName = Release;
		};
/* End XCConfigurationList section */
	};
	rootObject = B6718A321F90539D00AD3793 /* Project object */;
}
